
Microsoft Visual Studio Solution File, Format Version 12.00
# Visual Studio Version 17
VisualStudioVersion = 17.3.32901.215
MinimumVisualStudioVersion = 10.0.40219.1
Project("{9A19103F-16F7-4668-BE54-9A1E7A4F7556}") = "Variables", "MyFirtsApp\Variables.csproj", "{EBA84307-4C03-4162-8B57-35E41B8D985F}"
EndProject
Project("{9A19103F-16F7-4668-BE54-9A1E7A4F7556}") = "Operadores_Y_Expresiones", "Operadores_Y_Expresiones\Operadores_Y_Expresiones.csproj", "{E2FF87CB-9B56-446B-820F-350963431452}"
EndProject
Project("{9A19103F-16F7-4668-BE54-9A1E7A4F7556}") = "Conversiones", "Conversiones\Conversiones.csproj", "{9F69F432-9455-41E8-AB0A-3700114A2260}"
EndProject
Project("{9A19103F-16F7-4668-BE54-9A1E7A4F7556}") = "Constantes", "Constantes\Constantes.csproj", "{51D3E781-F838-444D-881A-ED3FFCA080BB}"
EndProject
Project("{9A19103F-16F7-4668-BE54-9A1E7A4F7556}") = "Métodos", "Métodos\Métodos.csproj", "{B84BBF61-6978-416A-9D38-0C62C5C6139D}"
EndProject
Project("{FAE04EC0-301F-11D3-BF4B-00C04F79EFBC}") = "Métodos II", "Métodos II\Métodos II.csproj", "{BEFCBCE9-195A-4905-801D-399B3C511904}"
EndProject
Global
	GlobalSection(SolutionConfigurationPlatforms) = preSolution
		Debug|Any CPU = Debug|Any CPU
		Release|Any CPU = Release|Any CPU
	EndGlobalSection
	GlobalSection(ProjectConfigurationPlatforms) = postSolution
		{EBA84307-4C03-4162-8B57-35E41B8D985F}.Debug|Any CPU.ActiveCfg = Debug|Any CPU
		{EBA84307-4C03-4162-8B57-35E41B8D985F}.Debug|Any CPU.Build.0 = Debug|Any CPU
		{EBA84307-4C03-4162-8B57-35E41B8D985F}.Release|Any CPU.ActiveCfg = Release|Any CPU
		{EBA84307-4C03-4162-8B57-35E41B8D985F}.Release|Any CPU.Build.0 = Release|Any CPU
		{E2FF87CB-9B56-446B-820F-350963431452}.Debug|Any CPU.ActiveCfg = Debug|Any CPU
		{E2FF87CB-9B56-446B-820F-350963431452}.Debug|Any CPU.Build.0 = Debug|Any CPU
		{E2FF87CB-9B56-446B-820F-350963431452}.Release|Any CPU.ActiveCfg = Release|Any CPU
		{E2FF87CB-9B56-446B-820F-350963431452}.Release|Any CPU.Build.0 = Release|Any CPU
		{9F69F432-9455-41E8-AB0A-3700114A2260}.Debug|Any CPU.ActiveCfg = Debug|Any CPU
		{9F69F432-9455-41E8-AB0A-3700114A2260}.Debug|Any CPU.Build.0 = Debug|Any CPU
		{9F69F432-9455-41E8-AB0A-3700114A2260}.Release|Any CPU.ActiveCfg = Release|Any CPU
		{9F69F432-9455-41E8-AB0A-3700114A2260}.Release|Any CPU.Build.0 = Release|Any CPU
		{51D3E781-F838-444D-881A-ED3FFCA080BB}.Debug|Any CPU.ActiveCfg = Debug|Any CPU
		{51D3E781-F838-444D-881A-ED3FFCA080BB}.Debug|Any CPU.Build.0 = Debug|Any CPU
		{51D3E781-F838-444D-881A-ED3FFCA080BB}.Release|Any CPU.ActiveCfg = Release|Any CPU
		{51D3E781-F838-444D-881A-ED3FFCA080BB}.Release|Any CPU.Build.0 = Release|Any CPU
		{B84BBF61-6978-416A-9D38-0C62C5C6139D}.Debug|Any CPU.ActiveCfg = Debug|Any CPU
		{B84BBF61-6978-416A-9D38-0C62C5C6139D}.Debug|Any CPU.Build.0 = Debug|Any CPU
		{B84BBF61-6978-416A-9D38-0C62C5C6139D}.Release|Any CPU.ActiveCfg = Release|Any CPU
		{B84BBF61-6978-416A-9D38-0C62C5C6139D}.Release|Any CPU.Build.0 = Release|Any CPU
		{BEFCBCE9-195A-4905-801D-399B3C511904}.Debug|Any CPU.ActiveCfg = Debug|Any CPU
		{BEFCBCE9-195A-4905-801D-399B3C511904}.Debug|Any CPU.Build.0 = Debug|Any CPU
		{BEFCBCE9-195A-4905-801D-399B3C511904}.Release|Any CPU.ActiveCfg = Release|Any CPU
		{BEFCBCE9-195A-4905-801D-399B3C511904}.Release|Any CPU.Build.0 = Release|Any CPU
	EndGlobalSection
	GlobalSection(SolutionProperties) = preSolution
		HideSolutionNode = FALSE
	EndGlobalSection
	GlobalSection(ExtensibilityGlobals) = postSolution
		SolutionGuid = {D9E02A7A-FC28-430D-8F52-2B2162886942}
	EndGlobalSection
EndGlobal
